
Microsoft Visual Studio Solution File, Format Version 12.00
Project("{FAE04EC0-301F-11D3-BF4B-00C04F79EFBC}") = "BingoPelc", "BingoPelc\BingoPelc.csproj", "{197B2E86-C58C-42BF-B24F-28BBB24DFCFB}"
EndProject
Global
	GlobalSection(SolutionConfigurationPlatforms) = preSolution
		Debug|Any CPU = Debug|Any CPU
		Release|Any CPU = Release|Any CPU
	EndGlobalSection
	GlobalSection(ProjectConfigurationPlatforms) = postSolution
		{197B2E86-C58C-42BF-B24F-28BBB24DFCFB}.Debug|Any CPU.ActiveCfg = Debug|Any CPU
		{197B2E86-C58C-42BF-B24F-28BBB24DFCFB}.Debug|Any CPU.Build.0 = Debug|Any CPU
		{197B2E86-C58C-42BF-B24F-28BBB24DFCFB}.Release|Any CPU.ActiveCfg = Release|Any CPU
		{197B2E86-C58C-42BF-B24F-28BBB24DFCFB}.Release|Any CPU.Build.0 = Release|Any CPU
	EndGlobalSection
EndGlobal
